
Microsoft Visual Studio Solution File, Format Version 12.00
# Visual Studio 15
VisualStudioVersion = 15.0.26730.3
MinimumVisualStudioVersion = 10.0.40219.1
Project("{FAE04EC0-301F-11D3-BF4B-00C04F79EFBC}") = "WpfApp1", "WpfApp1\WpfApp1.csproj", "{6F2CEAAF-750E-410F-976B-D0BB055A78DA}"
EndProject
Global
	GlobalSection(SolutionConfigurationPlatforms) = preSolution
		Debug|Any CPU = Debug|Any CPU
		Release|Any CPU = Release|Any CPU
	EndGlobalSection
	GlobalSection(ProjectConfigurationPlatforms) = postSolution
		{6F2CEAAF-750E-410F-976B-D0BB055A78DA}.Debug|Any CPU.ActiveCfg = Debug|Any CPU
		{6F2CEAAF-750E-410F-976B-D0BB055A78DA}.Debug|Any CPU.Build.0 = Debug|Any CPU
		{6F2CEAAF-750E-410F-976B-D0BB055A78DA}.Release|Any CPU.ActiveCfg = Release|Any CPU
		{6F2CEAAF-750E-410F-976B-D0BB055A78DA}.Release|Any CPU.Build.0 = Release|Any CPU
	EndGlobalSection
	GlobalSection(SolutionProperties) = preSolution
		HideSolutionNode = FALSE
	EndGlobalSection
	GlobalSection(ExtensibilityGlobals) = postSolution
		SolutionGuid = {C59A5718-DCE9-4A7B-9FF2-210E9CD30D38}
	EndGlobalSection
EndGlobal
